// !$*UTF8*$!
{
	archiveVersion = 1;
	classes = {
	};
	objectVersion = 46;
	objects = {

/* Begin PBXBuildFile section */
		8548C772212CE4150013E500 /* AppDelegate.swift in Sources */ = {isa = PBXBuildFile; fileRef = 8548C771212CE4150013E500 /* AppDelegate.swift */; };
		8548C774212CE4150013E500 /* ViewController.swift in Sources */ = {isa = PBXBuildFile; fileRef = 8548C773212CE4150013E500 /* ViewController.swift */; };
		8548C777212CE4150013E500 /* Main.storyboard in Resources */ = {isa = PBXBuildFile; fileRef = 8548C775212CE4150013E500 /* Main.storyboard */; };
		8548C779212CE4150013E500 /* Assets.xcassets in Resources */ = {isa = PBXBuildFile; fileRef = 8548C778212CE4150013E500 /* Assets.xcassets */; };
		8548C77C212CE4150013E500 /* LaunchScreen.storyboard in Resources */ = {isa = PBXBuildFile; fileRef = 8548C77A212CE4150013E500 /* LaunchScreen.storyboard */; };
		8548C787212CE4150013E500 /* MasConstraintsTests.swift in Sources */ = {isa = PBXBuildFile; fileRef = 8548C786212CE4150013E500 /* MasConstraintsTests.swift */; };
		8548C792212CE4150013E500 /* MasConstraintsUITests.swift in Sources */ = {isa = PBXBuildFile; fileRef = 8548C791212CE4150013E500 /* MasConstraintsUITests.swift */; };
/* End PBXBuildFile section */

/* Begin PBXContainerItemProxy section */
		8548C783212CE4150013E500 /* PBXContainerItemProxy */ = {
			isa = PBXContainerItemProxy;
			containerPortal = 8548C766212CE4150013E500 /* Project object */;
			proxyType = 1;
			remoteGlobalIDString = 8548C76D212CE4150013E500;
			remoteInfo = MasConstraints;
		};
		8548C78E212CE4150013E500 /* PBXContainerItemProxy */ = {
			isa = PBXContainerItemProxy;
			containerPortal = 8548C766212CE4150013E500 /* Project object */;
			proxyType = 1;
			remoteGlobalIDString = 8548C76D212CE4150013E500;
			remoteInfo = MasConstraints;
		};
/* End PBXContainerItemProxy section */

/* Begin PBXFileReference section */
		8548C76E212CE4150013E500 /* MasConstraints.app */ = {isa = PBXFileReference; explicitFileType = wrapper.application; includeInIndex = 0; path = MasConstraints.app; sourceTree = BUILT_PRODUCTS_DIR; };
		8548C771212CE4150013E500 /* AppDelegate.swift */ = {isa = PBXFileReference; lastKnownFileType = sourcecode.swift; path = AppDelegate.swift; sourceTree = "<group>"; };
		8548C773212CE4150013E500 /* ViewController.swift */ = {isa = PBXFileReference; lastKnownFileType = sourcecode.swift; path = ViewController.swift; sourceTree = "<group>"; };
		8548C776212CE4150013E500 /* Base */ = {isa = PBXFileReference; lastKnownFileType = file.storyboard; name = Base; path = Base.lproj/Main.storyboard; sourceTree = "<group>"; };
		8548C778212CE4150013E500 /* Assets.xcassets */ = {isa = PBXFileReference; lastKnownFileType = folder.assetcatalog; path = Assets.xcassets; sourceTree = "<group>"; };
		8548C77B212CE4150013E500 /* Base */ = {isa = PBXFileReference; lastKnownFileType = file.storyboard; name = Base; path = Base.lproj/LaunchScreen.storyboard; sourceTree = "<group>"; };
		8548C77D212CE4150013E500 /* Info.plist */ = {isa = PBXFileReference; lastKnownFileType = text.plist.xml; path = Info.plist; sourceTree = "<group>"; };
		8548C782212CE4150013E500 /* MasConstraintsTests.xctest */ = {isa = PBXFileReference; explicitFileType = wrapper.cfbundle; includeInIndex = 0; path = MasConstraintsTests.xctest; sourceTree = BUILT_PRODUCTS_DIR; };
		8548C786212CE4150013E500 /* MasConstraintsTests.swift */ = {isa = PBXFileReference; lastKnownFileType = sourcecode.swift; path = MasConstraintsTests.swift; sourceTree = "<group>"; };
		8548C788212CE4150013E500 /* Info.plist */ = {isa = PBXFileReference; lastKnownFileType = text.plist.xml; path = Info.plist; sourceTree = "<group>"; };
		8548C78D212CE4150013E500 /* MasConstraintsUITests.xctest */ = {isa = PBXFileReference; explicitFileType = wrapper.cfbundle; includeInIndex = 0; path = MasConstraintsUITests.xctest; sourceTree = BUILT_PRODUCTS_DIR; };
		8548C791212CE4150013E500 /* MasConstraintsUITests.swift */ = {isa = PBXFileReference; lastKnownFileType = sourcecode.swift; path = MasConstraintsUITests.swift; sourceTree = "<group>"; };
		8548C793212CE4150013E500 /* Info.plist */ = {isa = PBXFileReference; lastKnownFileType = text.plist.xml; path = Info.plist; sourceTree = "<group>"; };
/* End PBXFileReference section */

/* Begin PBXFrameworksBuildPhase section */
		8548C76B212CE4150013E500 /* Frameworks */ = {
			isa = PBXFrameworksBuildPhase;
			buildActionMask = 2147483647;
			files = (
			);
			runOnlyForDeploymentPostprocessing = 0;
		};
		8548C77F212CE4150013E500 /* Frameworks */ = {
			isa = PBXFrameworksBuildPhase;
			buildActionMask = 2147483647;
			files = (
			);
			runOnlyForDeploymentPostprocessing = 0;
		};
		8548C78A212CE4150013E500 /* Frameworks */ = {
			isa = PBXFrameworksBuildPhase;
			buildActionMask = 2147483647;
			files = (
			);
			runOnlyForDeploymentPostprocessing = 0;
		};
/* End PBXFrameworksBuildPhase section */

/* Begin PBXGroup section */
		8548C765212CE4150013E500 = {
			isa = PBXGroup;
			children = (
				8548C770212CE4150013E500 /* MasConstraints */,
				8548C785212CE4150013E500 /* MasConstraintsTests */,
				8548C790212CE4150013E500 /* MasConstraintsUITests */,
				8548C76F212CE4150013E500 /* Products */,
			);
			sourceTree = "<group>";
		};
		8548C76F212CE4150013E500 /* Products */ = {
			isa = PBXGroup;
			children = (
				8548C76E212CE4150013E500 /* MasConstraints.app */,
				8548C782212CE4150013E500 /* MasConstraintsTests.xctest */,
				8548C78D212CE4150013E500 /* MasConstraintsUITests.xctest */,
			);
			name = Products;
			sourceTree = "<group>";
		};
		8548C770212CE4150013E500 /* MasConstraints */ = {
			isa = PBXGroup;
			children = (
				8548C771212CE4150013E500 /* AppDelegate.swift */,
				8548C773212CE4150013E500 /* ViewController.swift */,
				8548C775212CE4150013E500 /* Main.storyboard */,
				8548C778212CE4150013E500 /* Assets.xcassets */,
				8548C77A212CE4150013E500 /* LaunchScreen.storyboard */,
				8548C77D212CE4150013E500 /* Info.plist */,
			);
			path = MasConstraints;
			sourceTree = "<group>";
		};
		8548C785212CE4150013E500 /* MasConstraintsTests */ = {
			isa = PBXGroup;
			children = (
				8548C786212CE4150013E500 /* MasConstraintsTests.swift */,
				8548C788212CE4150013E500 /* Info.plist */,
			);
			path = MasConstraintsTests;
			sourceTree = "<group>";
		};
		8548C790212CE4150013E500 /* MasConstraintsUITests */ = {
			isa = PBXGroup;
			children = (
				8548C791212CE4150013E500 /* MasConstraintsUITests.swift */,
				8548C793212CE4150013E500 /* Info.plist */,
			);
			path = MasConstraintsUITests;
			sourceTree = "<group>";
		};
/* End PBXGroup section */

/* Begin PBXNativeTarget section */
		8548C76D212CE4150013E500 /* MasConstraints */ = {
			isa = PBXNativeTarget;
			buildConfigurationList = 8548C796212CE4150013E500 /* Build configuration list for PBXNativeTarget "MasConstraints" */;
			buildPhases = (
				8548C76A212CE4150013E500 /* Sources */,
				8548C76B212CE4150013E500 /* Frameworks */,
				8548C76C212CE4150013E500 /* Resources */,
			);
			buildRules = (
			);
			dependencies = (
			);
			name = MasConstraints;
			productName = MasConstraints;
			productReference = 8548C76E212CE4150013E500 /* MasConstraints.app */;
			productType = "com.apple.product-type.application";
		};
		8548C781212CE4150013E500 /* MasConstraintsTests */ = {
			isa = PBXNativeTarget;
			buildConfigurationList = 8548C799212CE4150013E500 /* Build configuration list for PBXNativeTarget "MasConstraintsTests" */;
			buildPhases = (
				8548C77E212CE4150013E500 /* Sources */,
				8548C77F212CE4150013E500 /* Frameworks */,
				8548C780212CE4150013E500 /* Resources */,
			);
			buildRules = (
			);
			dependencies = (
				8548C784212CE4150013E500 /* PBXTargetDependency */,
			);
			name = MasConstraintsTests;
			productName = MasConstraintsTests;
			productReference = 8548C782212CE4150013E500 /* MasConstraintsTests.xctest */;
			productType = "com.apple.product-type.bundle.unit-test";
		};
		8548C78C212CE4150013E500 /* MasConstraintsUITests */ = {
			isa = PBXNativeTarget;
			buildConfigurationList = 8548C79C212CE4150013E500 /* Build configuration list for PBXNativeTarget "MasConstraintsUITests" */;
			buildPhases = (
				8548C789212CE4150013E500 /* Sources */,
				8548C78A212CE4150013E500 /* Frameworks */,
				8548C78B212CE4150013E500 /* Resources */,
			);
			buildRules = (
			);
			dependencies = (
				8548C78F212CE4150013E500 /* PBXTargetDependency */,
			);
			name = MasConstraintsUITests;
			productName = MasConstraintsUITests;
			productReference = 8548C78D212CE4150013E500 /* MasConstraintsUITests.xctest */;
			productType = "com.apple.product-type.bundle.ui-testing";
		};
/* End PBXNativeTarget section */

/* Begin PBXProject section */
		8548C766212CE4150013E500 /* Project object */ = {
			isa = PBXProject;
			attributes = {
				LastSwiftUpdateCheck = 0730;
				LastUpgradeCheck = 0730;
				ORGANIZATIONNAME = Maestro;
				TargetAttributes = {
					8548C76D212CE4150013E500 = {
						CreatedOnToolsVersion = 7.3.1;
					};
					8548C781212CE4150013E500 = {
						CreatedOnToolsVersion = 7.3.1;
						TestTargetID = 8548C76D212CE4150013E500;
					};
					8548C78C212CE4150013E500 = {
						CreatedOnToolsVersion = 7.3.1;
						TestTargetID = 8548C76D212CE4150013E500;
					};
				};
			};
			buildConfigurationList = 8548C769212CE4150013E500 /* Build configuration list for PBXProject "MasConstraints" */;
			compatibilityVersion = "Xcode 3.2";
			developmentRegion = English;
			hasScannedForEncodings = 0;
			knownRegions = (
				en,
				Base,
			);
			mainGroup = 8548C765212CE4150013E500;
			productRefGroup = 8548C76F212CE4150013E500 /* Products */;
			projectDirPath = "";
			projectRoot = "";
			targets = (
				8548C76D212CE4150013E500 /* MasConstraints */,
				8548C781212CE4150013E500 /* MasConstraintsTests */,
				8548C78C212CE4150013E500 /* MasConstraintsUITests */,
			);
		};
/* End PBXProject section */

/* Begin PBXResourcesBuildPhase section */
		8548C76C212CE4150013E500 /* Resources */ = {
			isa = PBXResourcesBuildPhase;
			buildActionMask = 2147483647;
			files = (
				8548C77C212CE4150013E500 /* LaunchScreen.storyboard in Resources */,
				8548C779212CE4150013E500 /* Assets.xcassets in Resources */,
				8548C777212CE4150013E500 /* Main.storyboard in Resources */,
			);
			runOnlyForDeploymentPostprocessing = 0;
		};
		8548C780212CE4150013E500 /* Resources */ = {
			isa = PBXResourcesBuildPhase;
			buildActionMask = 2147483647;
			files = (
			);
			runOnlyForDeploymentPostprocessing = 0;
		};
		8548C78B212CE4150013E500 /* Resources */ = {
			isa = PBXResourcesBuildPhase;
			buildActionMask = 2147483647;
			files = (
			);
			runOnlyForDeploymentPostprocessing = 0;
		};
/* End PBXResourcesBuildPhase section */

/* Begin PBXSourcesBuildPhase section */
		8548C76A212CE4150013E500 /* Sources */ = {
			isa = PBXSourcesBuildPhase;
			buildActionMask = 2147483647;
			files = (
				8548C774212CE4150013E500 /* ViewController.swift in Sources */,
				8548C772212CE4150013E500 /* AppDelegate.swift in Sources */,
			);
			runOnlyForDeploymentPostprocessing = 0;
		};
		8548C77E212CE4150013E500 /* Sources */ = {
			isa = PBXSourcesBuildPhase;
			buildActionMask = 2147483647;
			files = (
				8548C787212CE4150013E500 /* MasConstraintsTests.swift in Sources */,
			);
			runOnlyForDeploymentPostprocessing = 0;
		};
		8548C789212CE4150013E500 /* Sources */ = {
			isa = PBXSourcesBuildPhase;
			buildActionMask = 2147483647;
			files = (
				8548C792212CE4150013E500 /* MasConstraintsUITests.swift in Sources */,
			);
			runOnlyForDeploymentPostprocessing = 0;
		};
/* End PBXSourcesBuildPhase section */

/* Begin PBXTargetDependency section */
		8548C784212CE4150013E500 /* PBXTargetDependency */ = {
			isa = PBXTargetDependency;
			target = 8548C76D212CE4150013E500 /* MasConstraints */;
			targetProxy = 8548C783212CE4150013E500 /* PBXContainerItemProxy */;
		};
		8548C78F212CE4150013E500 /* PBXTargetDependency */ = {
			isa = PBXTargetDependency;
			target = 8548C76D212CE4150013E500 /* MasConstraints */;
			targetProxy = 8548C78E212CE4150013E500 /* PBXContainerItemProxy */;
		};
/* End PBXTargetDependency section */

/* Begin PBXVariantGroup section */
		8548C775212CE4150013E500 /* Main.storyboard */ = {
			isa = PBXVariantGroup;
			children = (
				8548C776212CE4150013E500 /* Base */,
			);
			name = Main.storyboard;
			sourceTree = "<group>";
		};
		8548C77A212CE4150013E500 /* LaunchScreen.storyboard */ = {
			isa = PBXVariantGroup;
			children = (
				8548C77B212CE4150013E500 /* Base */,
			);
			name = LaunchScreen.storyboard;
			sourceTree = "<group>";
		};
/* End PBXVariantGroup section */

/* Begin XCBuildConfiguration section */
		8548C794212CE4150013E500 /* Debug */ = {
			isa = XCBuildConfiguration;
			buildSettings = {
				ALWAYS_SEARCH_USER_PATHS = NO;
				CLANG_ANALYZER_NONNULL = YES;
				CLANG_CXX_LANGUAGE_STANDARD = "gnu++0x";
				CLANG_CXX_LIBRARY = "libc++";
				CLANG_ENABLE_MODULES = YES;
				CLANG_ENABLE_OBJC_ARC = YES;
				CLANG_WARN_BOOL_CONVERSION = YES;
				CLANG_WARN_CONSTANT_CONVERSION = YES;
				CLANG_WARN_DIRECT_OBJC_ISA_USAGE = YES_ERROR;
				CLANG_WARN_EMPTY_BODY = YES;
				CLANG_WARN_ENUM_CONVERSION = YES;
				CLANG_WARN_INT_CONVERSION = YES;
				CLANG_WARN_OBJC_ROOT_CLASS = YES_ERROR;
				CLANG_WARN_UNREACHABLE_CODE = YES;
				CLANG_WARN__DUPLICATE_METHOD_MATCH = YES;
				"CODE_SIGN_IDENTITY[sdk=iphoneos*]" = "iPhone Developer";
				COPY_PHASE_STRIP = NO;
				DEBUG_INFORMATION_FORMAT = dwarf;
				ENABLE_STRICT_OBJC_MSGSEND = YES;
				ENABLE_TESTABILITY = YES;
				GCC_C_LANGUAGE_STANDARD = gnu99;
				GCC_DYNAMIC_NO_PIC = NO;
				GCC_NO_COMMON_BLOCKS = YES;
				GCC_OPTIMIZATION_LEVEL = 0;
				GCC_PREPROCESSOR_DEFINITIONS = (
					"DEBUG=1",
					"$(inherited)",
				);
				GCC_WARN_64_TO_32_BIT_CONVERSION = YES;
				GCC_WARN_ABOUT_RETURN_TYPE = YES_ERROR;
				GCC_WARN_UNDECLARED_SELECTOR = YES;
				GCC_WARN_UNINITIALIZED_AUTOS = YES_AGGRESSIVE;
				GCC_WARN_UNUSED_FUNCTION = YES;
				GCC_WARN_UNUSED_VARIABLE = YES;
				IPHONEOS_DEPLOYMENT_TARGET = 9.3;
				MTL_ENABLE_DEBUG_INFO = YES;
				ONLY_ACTIVE_ARCH = YES;
				SDKROOT = iphoneos;
				SWIFT_OPTIMIZATION_LEVEL = "-Onone";
				TARGETED_DEVICE_FAMILY = "1,2";
			};
			name = Debug;
		};
		8548C795212CE4150013E500 /* Release */ = {
			isa = XCBuildConfiguration;
			buildSettings = {
				ALWAYS_SEARCH_USER_PATHS = NO;
				CLANG_ANALYZER_NONNULL = YES;
				CLANG_CXX_LANGUAGE_STANDARD = "gnu++0x";
				CLANG_CXX_LIBRARY = "libc++";
				CLANG_ENABLE_MODULES = YES;
				CLANG_ENABLE_OBJC_ARC = YES;
				CLANG_WARN_BOOL_CONVERSION = YES;
				CLANG_WARN_CONSTANT_CONVERSION = YES;
				CLANG_WARN_DIRECT_OBJC_ISA_USAGE = YES_ERROR;
				CLANG_WARN_EMPTY_BODY = YES;
				CLANG_WARN_ENUM_CONVERSION = YES;
				CLANG_WARN_INT_CONVERSION = YES;
				CLANG_WARN_OBJC_ROOT_CLASS = YES_ERROR;
				CLANG_WARN_UNREACHABLE_CODE = YES;
				CLANG_WARN__DUPLICATE_METHOD_MATCH = YES;
				"CODE_SIGN_IDENTITY[sdk=iphoneos*]" = "iPhone Developer";
				COPY_PHASE_STRIP = NO;
				DEBUG_INFORMATION_FORMAT = "dwarf-with-dsym";
				ENABLE_NS_ASSERTIONS = NO;
				ENABLE_STRICT_OBJC_MSGSEND = YES;
				GCC_C_LANGUAGE_STANDARD = gnu99;
				GCC_NO_COMMON_BLOCKS = YES;
				GCC_WARN_64_TO_32_BIT_CONVERSION = YES;
				GCC_WARN_ABOUT_RETURN_TYPE = YES_ERROR;
				GCC_WARN_UNDECLARED_SELECTOR = YES;
				GCC_WARN_UNINITIALIZED_AUTOS = YES_AGGRESSIVE;
				GCC_WARN_UNUSED_FUNCTION = YES;
				GCC_WARN_UNUSED_VARIABLE = YES;
				IPHONEOS_DEPLOYMENT_TARGET = 9.3;
				MTL_ENABLE_DEBUG_INFO = NO;
				SDKROOT = iphoneos;
				TARGETED_DEVICE_FAMILY = "1,2";
				VALIDATE_PRODUCT = YES;
			};
			name = Release;
		};
		8548C797212CE4150013E500 /* Debug */ = {
			isa = XCBuildConfiguration;
			buildSettings = {
				ASSETCATALOG_COMPILER_APPICON_NAME = AppIcon;
				INFOPLIST_FILE = MasConstraints/Info.plist;
				LD_RUNPATH_SEARCH_PATHS = "$(inherited) @executable_path/Frameworks";
				PRODUCT_BUNDLE_IDENTIFIER = edu.ulsa.MasConstraints;
				PRODUCT_NAME = "$(TARGET_NAME)";
			};
			name = Debug;
		};
		8548C798212CE4150013E500 /* Release */ = {
			isa = XCBuildConfiguration;
			buildSettings = {
				ASSETCATALOG_COMPILER_APPICON_NAME = AppIcon;
				INFOPLIST_FILE = MasConstraints/Info.plist;
				LD_RUNPATH_SEARCH_PATHS = "$(inherited) @executable_path/Frameworks";
				PRODUCT_BUNDLE_IDENTIFIER = edu.ulsa.MasConstraints;
				PRODUCT_NAME = "$(TARGET_NAME)";
			};
			name = Release;
		};
		8548C79A212CE4150013E500 /* Debug */ = {
			isa = XCBuildConfiguration;
			buildSettings = {
				BUNDLE_LOADER = "$(TEST_HOST)";
				INFOPLIST_FILE = MasConstraintsTests/Info.plist;
				LD_RUNPATH_SEARCH_PATHS = "$(inherited) @executable_path/Frameworks @loader_path/Frameworks";
				PRODUCT_BUNDLE_IDENTIFIER = edu.ulsa.MasConstraintsTests;
				PRODUCT_NAME = "$(TARGET_NAME)";
				TEST_HOST = "$(BUILT_PRODUCTS_DIR)/MasConstraints.app/MasConstraints";
			};
			name = Debug;
		};
		8548C79B212CE4150013E500 /* Release */ = {
			isa = XCBuildConfiguration;
			buildSettings = {
				BUNDLE_LOADER = "$(TEST_HOST)";
				INFOPLIST_FILE = MasConstraintsTests/Info.plist;
				LD_RUNPATH_SEARCH_PATHS = "$(inherited) @executable_path/Frameworks @loader_path/Frameworks";
				PRODUCT_BUNDLE_IDENTIFIER = edu.ulsa.MasConstraintsTests;
				PRODUCT_NAME = "$(TARGET_NAME)";
				TEST_HOST = "$(BUILT_PRODUCTS_DIR)/MasConstraints.app/MasConstraints";
			};
			name = Release;
		};
		8548C79D212CE4150013E500 /* Debug */ = {
			isa = XCBuildConfiguration;
			buildSettings = {
				INFOPLIST_FILE = MasConstraintsUITests/Info.plist;
				LD_RUNPATH_SEARCH_PATHS = "$(inherited) @executable_path/Frameworks @loader_path/Frameworks";
				PRODUCT_BUNDLE_IDENTIFIER = edu.ulsa.MasConstraintsUITests;
				PRODUCT_NAME = "$(TARGET_NAME)";
				TEST_TARGET_NAME = MasConstraints;
			};
			name = Debug;
		};
		8548C79E212CE4150013E500 /* Release */ = {
			isa = XCBuildConfiguration;
			buildSettings = {
				INFOPLIST_FILE = MasConstraintsUITests/Info.plist;
				LD_RUNPATH_SEARCH_PATHS = "$(inherited) @executable_path/Frameworks @loader_path/Frameworks";
				PRODUCT_BUNDLE_IDENTIFIER = edu.ulsa.MasConstraintsUITests;
				PRODUCT_NAME = "$(TARGET_NAME)";
				TEST_TARGET_NAME = MasConstraints;
			};
			name = Release;
		};
/* End XCBuildConfiguration section */

/* Begin XCConfigurationList section */
		8548C769212CE4150013E500 /* Build configuration list for PBXProject "MasConstraints" */ = {
			isa = XCConfigurationList;
			buildConfigurations = (
				8548C794212CE4150013E500 /* Debug */,
				8548C795212CE4150013E500 /* Release */,
			);
			defaultConfigurationIsVisible = 0;
			defaultConfigurationName = Release;
		};
		8548C796212CE4150013E500 /* Build configuration list for PBXNativeTarget "MasConstraints" */ = {
			isa = XCConfigurationList;
			buildConfigurations = (
				8548C797212CE4150013E500 /* Debug */,
				8548C798212CE4150013E500 /* Release */,
			);
			defaultConfigurationIsVisible = 0;
		};
		8548C799212CE4150013E500 /* Build configuration list for PBXNativeTarget "MasConstraintsTests" */ = {
			isa = XCConfigurationList;
			buildConfigurations = (
				8548C79A212CE4150013E500 /* Debug */,
				8548C79B212CE4150013E500 /* Release */,
			);
			defaultConfigurationIsVisible = 0;
		};
		8548C79C212CE4150013E500 /* Build configuration list for PBXNativeTarget "MasConstraintsUITests" */ = {
			isa = XCConfigurationList;
			buildConfigurations = (
				8548C79D212CE4150013E500 /* Debug */,
				8548C79E212CE4150013E500 /* Release */,
			);
			defaultConfigurationIsVisible = 0;
		};
/* End XCConfigurationList section */
	};
	rootObject = 8548C766212CE4150013E500 /* Project object */;
}
